
Microsoft Visual Studio Solution File, Format Version 12.00
# Visual Studio 15
VisualStudioVersion = 15.0.28307.645
MinimumVisualStudioVersion = 10.0.40219.1
Project("{9A19103F-16F7-4668-BE54-9A1E7A4F7556}") = "Chatroom.Domain", "Chatroom.Domain\Chatroom.Domain.csproj", "{90B73F7F-9305-40B4-BF44-D63385C63825}"
EndProject
Project("{9A19103F-16F7-4668-BE54-9A1E7A4F7556}") = "Chatroom.WebApi", "Chatroom.WebApi\Chatroom.WebApi.csproj", "{23D9F435-697D-4E83-A6CE-2D64C3758105}"
EndProject
Project("{9A19103F-16F7-4668-BE54-9A1E7A4F7556}") = "Chatroom.Service", "Chatroom.Service\Chatroom.Service.csproj", "{E2D4DE9F-6557-49F4-9B50-11A246273A8E}"
EndProject
Project("{9A19103F-16F7-4668-BE54-9A1E7A4F7556}") = "Chatroom.Data", "Chatroom.Data\Chatroom.Data.csproj", "{8A852F08-C70F-4A1A-9789-CA1DF98BA233}"
EndProject
Project("{FAE04EC0-301F-11D3-BF4B-00C04F79EFBC}") = "Chatoroom.Bot", "Chatoroom.Bot\Chatoroom.Bot.csproj", "{A2B98A1F-CADE-43BD-B809-BDC2C0794100}"
EndProject
Global
	GlobalSection(SolutionConfigurationPlatforms) = preSolution
		Debug|Any CPU = Debug|Any CPU
		Release|Any CPU = Release|Any CPU
	EndGlobalSection
	GlobalSection(ProjectConfigurationPlatforms) = postSolution
		{90B73F7F-9305-40B4-BF44-D63385C63825}.Debug|Any CPU.ActiveCfg = Debug|Any CPU
		{90B73F7F-9305-40B4-BF44-D63385C63825}.Debug|Any CPU.Build.0 = Debug|Any CPU
		{90B73F7F-9305-40B4-BF44-D63385C63825}.Release|Any CPU.ActiveCfg = Release|Any CPU
		{90B73F7F-9305-40B4-BF44-D63385C63825}.Release|Any CPU.Build.0 = Release|Any CPU
		{23D9F435-697D-4E83-A6CE-2D64C3758105}.Debug|Any CPU.ActiveCfg = Debug|Any CPU
		{23D9F435-697D-4E83-A6CE-2D64C3758105}.Debug|Any CPU.Build.0 = Debug|Any CPU
		{23D9F435-697D-4E83-A6CE-2D64C3758105}.Release|Any CPU.ActiveCfg = Release|Any CPU
		{23D9F435-697D-4E83-A6CE-2D64C3758105}.Release|Any CPU.Build.0 = Release|Any CPU
		{E2D4DE9F-6557-49F4-9B50-11A246273A8E}.Debug|Any CPU.ActiveCfg = Debug|Any CPU
		{E2D4DE9F-6557-49F4-9B50-11A246273A8E}.Debug|Any CPU.Build.0 = Debug|Any CPU
		{E2D4DE9F-6557-49F4-9B50-11A246273A8E}.Release|Any CPU.ActiveCfg = Release|Any CPU
		{E2D4DE9F-6557-49F4-9B50-11A246273A8E}.Release|Any CPU.Build.0 = Release|Any CPU
		{8A852F08-C70F-4A1A-9789-CA1DF98BA233}.Debug|Any CPU.ActiveCfg = Debug|Any CPU
		{8A852F08-C70F-4A1A-9789-CA1DF98BA233}.Debug|Any CPU.Build.0 = Debug|Any CPU
		{8A852F08-C70F-4A1A-9789-CA1DF98BA233}.Release|Any CPU.ActiveCfg = Release|Any CPU
		{8A852F08-C70F-4A1A-9789-CA1DF98BA233}.Release|Any CPU.Build.0 = Release|Any CPU
		{A2B98A1F-CADE-43BD-B809-BDC2C0794100}.Debug|Any CPU.ActiveCfg = Debug|Any CPU
		{A2B98A1F-CADE-43BD-B809-BDC2C0794100}.Debug|Any CPU.Build.0 = Debug|Any CPU
		{A2B98A1F-CADE-43BD-B809-BDC2C0794100}.Release|Any CPU.ActiveCfg = Release|Any CPU
		{A2B98A1F-CADE-43BD-B809-BDC2C0794100}.Release|Any CPU.Build.0 = Release|Any CPU
	EndGlobalSection
	GlobalSection(SolutionProperties) = preSolution
		HideSolutionNode = FALSE
	EndGlobalSection
	GlobalSection(ExtensibilityGlobals) = postSolution
		SolutionGuid = {D37BE599-3560-4333-9901-811FD8A9720F}
	EndGlobalSection
EndGlobal
